
Microsoft Visual Studio Solution File, Format Version 12.00
# Visual Studio Version 16
VisualStudioVersion = 16.0.31313.79
MinimumVisualStudioVersion = 10.0.40219.1
Project("{9A19103F-16F7-4668-BE54-9A1E7A4F7556}") = "Payment", "Payment\Payment.csproj", "{1432CBED-8C52-4831-9B5F-5FEB797F99A5}"
EndProject
Project("{9A19103F-16F7-4668-BE54-9A1E7A4F7556}") = "Domain", "Domain\Domain.csproj", "{1A59623F-9384-48D7-B4C7-6FC31F7D7C70}"
EndProject
Project("{9A19103F-16F7-4668-BE54-9A1E7A4F7556}") = "Infrastructure", "Infrastructure\Infrastructure.csproj", "{297C4264-8563-427A-A05E-FC6D9175C7E4}"
EndProject
Project("{FAE04EC0-301F-11D3-BF4B-00C04F79EFBC}") = "UnitTests", "UnitTests\UnitTests.csproj", "{B57CBC60-43D8-48DA-AA55-9CE0456BAB99}"
EndProject
Global
	GlobalSection(SolutionConfigurationPlatforms) = preSolution
		Debug|Any CPU = Debug|Any CPU
		Release|Any CPU = Release|Any CPU
	EndGlobalSection
	GlobalSection(ProjectConfigurationPlatforms) = postSolution
		{1432CBED-8C52-4831-9B5F-5FEB797F99A5}.Debug|Any CPU.ActiveCfg = Debug|Any CPU
		{1432CBED-8C52-4831-9B5F-5FEB797F99A5}.Debug|Any CPU.Build.0 = Debug|Any CPU
		{1432CBED-8C52-4831-9B5F-5FEB797F99A5}.Release|Any CPU.ActiveCfg = Release|Any CPU
		{1432CBED-8C52-4831-9B5F-5FEB797F99A5}.Release|Any CPU.Build.0 = Release|Any CPU
		{1A59623F-9384-48D7-B4C7-6FC31F7D7C70}.Debug|Any CPU.ActiveCfg = Debug|Any CPU
		{1A59623F-9384-48D7-B4C7-6FC31F7D7C70}.Debug|Any CPU.Build.0 = Debug|Any CPU
		{1A59623F-9384-48D7-B4C7-6FC31F7D7C70}.Release|Any CPU.ActiveCfg = Release|Any CPU
		{1A59623F-9384-48D7-B4C7-6FC31F7D7C70}.Release|Any CPU.Build.0 = Release|Any CPU
		{297C4264-8563-427A-A05E-FC6D9175C7E4}.Debug|Any CPU.ActiveCfg = Debug|Any CPU
		{297C4264-8563-427A-A05E-FC6D9175C7E4}.Debug|Any CPU.Build.0 = Debug|Any CPU
		{297C4264-8563-427A-A05E-FC6D9175C7E4}.Release|Any CPU.ActiveCfg = Release|Any CPU
		{297C4264-8563-427A-A05E-FC6D9175C7E4}.Release|Any CPU.Build.0 = Release|Any CPU
		{B57CBC60-43D8-48DA-AA55-9CE0456BAB99}.Debug|Any CPU.ActiveCfg = Debug|Any CPU
		{B57CBC60-43D8-48DA-AA55-9CE0456BAB99}.Debug|Any CPU.Build.0 = Debug|Any CPU
		{B57CBC60-43D8-48DA-AA55-9CE0456BAB99}.Release|Any CPU.ActiveCfg = Release|Any CPU
		{B57CBC60-43D8-48DA-AA55-9CE0456BAB99}.Release|Any CPU.Build.0 = Release|Any CPU
	EndGlobalSection
	GlobalSection(SolutionProperties) = preSolution
		HideSolutionNode = FALSE
	EndGlobalSection
	GlobalSection(ExtensibilityGlobals) = postSolution
		SolutionGuid = {7B202F31-31B8-49B0-B4C7-642E718AD162}
	EndGlobalSection
EndGlobal
